
Microsoft Visual Studio Solution File, Format Version 12.00
# Visual Studio Version 16
VisualStudioVersion = 16.0.29911.84
MinimumVisualStudioVersion = 10.0.40219.1
Project("{FAE04EC0-301F-11D3-BF4B-00C04F79EFBC}") = "GraphDataAnalysis", "GraphDataAnalysis\GraphDataAnalysis.csproj", "{30C48330-C1F3-4257-B9E7-96FC1B8586D0}"
EndProject
Global
	GlobalSection(SolutionConfigurationPlatforms) = preSolution
		Debug|Any CPU = Debug|Any CPU
		Release|Any CPU = Release|Any CPU
	EndGlobalSection
	GlobalSection(ProjectConfigurationPlatforms) = postSolution
		{30C48330-C1F3-4257-B9E7-96FC1B8586D0}.Debug|Any CPU.ActiveCfg = Debug|Any CPU
		{30C48330-C1F3-4257-B9E7-96FC1B8586D0}.Debug|Any CPU.Build.0 = Debug|Any CPU
		{30C48330-C1F3-4257-B9E7-96FC1B8586D0}.Release|Any CPU.ActiveCfg = Release|Any CPU
		{30C48330-C1F3-4257-B9E7-96FC1B8586D0}.Release|Any CPU.Build.0 = Release|Any CPU
	EndGlobalSection
	GlobalSection(SolutionProperties) = preSolution
		HideSolutionNode = FALSE
	EndGlobalSection
	GlobalSection(ExtensibilityGlobals) = postSolution
		SolutionGuid = {5736597B-B5D5-4E1E-83FF-9155D28113F6}
	EndGlobalSection
EndGlobal
